// !$*UTF8*$!
{
	archiveVersion = 1;
	classes = {
	};
	objectVersion = 50;
	objects = {

/* Begin PBXBuildFile section */
		22FDFE14211A0A4600408E2D /* AppDelegate.swift in Sources */ = {isa = PBXBuildFile; fileRef = 22FDFE13211A0A4600408E2D /* AppDelegate.swift */; };
		22FDFE16211A0A4600408E2D /* ViewController.swift in Sources */ = {isa = PBXBuildFile; fileRef = 22FDFE15211A0A4600408E2D /* ViewController.swift */; };
		22FDFE19211A0A4600408E2D /* Main.storyboard in Resources */ = {isa = PBXBuildFile; fileRef = 22FDFE17211A0A4600408E2D /* Main.storyboard */; };
		22FDFE1C211A0A4600408E2D /* swiftSkills.xcdatamodeld in Sources */ = {isa = PBXBuildFile; fileRef = 22FDFE1A211A0A4600408E2D /* swiftSkills.xcdatamodeld */; };
		22FDFE1E211A0A4A00408E2D /* Assets.xcassets in Resources */ = {isa = PBXBuildFile; fileRef = 22FDFE1D211A0A4A00408E2D /* Assets.xcassets */; };
		22FDFE21211A0A4A00408E2D /* LaunchScreen.storyboard in Resources */ = {isa = PBXBuildFile; fileRef = 22FDFE1F211A0A4A00408E2D /* LaunchScreen.storyboard */; };
		22FDFE2C211A0A4A00408E2D /* swiftSkillsTests.swift in Sources */ = {isa = PBXBuildFile; fileRef = 22FDFE2B211A0A4A00408E2D /* swiftSkillsTests.swift */; };
		22FDFE37211A0A4A00408E2D /* swiftSkillsUITests.swift in Sources */ = {isa = PBXBuildFile; fileRef = 22FDFE36211A0A4A00408E2D /* swiftSkillsUITests.swift */; };
/* End PBXBuildFile section */

/* Begin PBXContainerItemProxy section */
		22FDFE28211A0A4A00408E2D /* PBXContainerItemProxy */ = {
			isa = PBXContainerItemProxy;
			containerPortal = 22FDFE08211A0A4600408E2D /* Project object */;
			proxyType = 1;
			remoteGlobalIDString = 22FDFE0F211A0A4600408E2D;
			remoteInfo = swiftSkills;
		};
		22FDFE33211A0A4A00408E2D /* PBXContainerItemProxy */ = {
			isa = PBXContainerItemProxy;
			containerPortal = 22FDFE08211A0A4600408E2D /* Project object */;
			proxyType = 1;
			remoteGlobalIDString = 22FDFE0F211A0A4600408E2D;
			remoteInfo = swiftSkills;
		};
/* End PBXContainerItemProxy section */

/* Begin PBXFileReference section */
		22FDFE10211A0A4600408E2D /* swiftSkills.app */ = {isa = PBXFileReference; explicitFileType = wrapper.application; includeInIndex = 0; path = swiftSkills.app; sourceTree = BUILT_PRODUCTS_DIR; };
		22FDFE13211A0A4600408E2D /* AppDelegate.swift */ = {isa = PBXFileReference; lastKnownFileType = sourcecode.swift; path = AppDelegate.swift; sourceTree = "<group>"; };
		22FDFE15211A0A4600408E2D /* ViewController.swift */ = {isa = PBXFileReference; lastKnownFileType = sourcecode.swift; path = ViewController.swift; sourceTree = "<group>"; };
		22FDFE18211A0A4600408E2D /* Base */ = {isa = PBXFileReference; lastKnownFileType = file.storyboard; name = Base; path = Base.lproj/Main.storyboard; sourceTree = "<group>"; };
		22FDFE1B211A0A4600408E2D /* swiftSkills.xcdatamodel */ = {isa = PBXFileReference; lastKnownFileType = wrapper.xcdatamodel; path = swiftSkills.xcdatamodel; sourceTree = "<group>"; };
		22FDFE1D211A0A4A00408E2D /* Assets.xcassets */ = {isa = PBXFileReference; lastKnownFileType = folder.assetcatalog; path = Assets.xcassets; sourceTree = "<group>"; };
		22FDFE20211A0A4A00408E2D /* Base */ = {isa = PBXFileReference; lastKnownFileType = file.storyboard; name = Base; path = Base.lproj/LaunchScreen.storyboard; sourceTree = "<group>"; };
		22FDFE22211A0A4A00408E2D /* Info.plist */ = {isa = PBXFileReference; lastKnownFileType = text.plist.xml; path = Info.plist; sourceTree = "<group>"; };
		22FDFE27211A0A4A00408E2D /* swiftSkillsTests.xctest */ = {isa = PBXFileReference; explicitFileType = wrapper.cfbundle; includeInIndex = 0; path = swiftSkillsTests.xctest; sourceTree = BUILT_PRODUCTS_DIR; };
		22FDFE2B211A0A4A00408E2D /* swiftSkillsTests.swift */ = {isa = PBXFileReference; lastKnownFileType = sourcecode.swift; path = swiftSkillsTests.swift; sourceTree = "<group>"; };
		22FDFE2D211A0A4A00408E2D /* Info.plist */ = {isa = PBXFileReference; lastKnownFileType = text.plist.xml; path = Info.plist; sourceTree = "<group>"; };
		22FDFE32211A0A4A00408E2D /* swiftSkillsUITests.xctest */ = {isa = PBXFileReference; explicitFileType = wrapper.cfbundle; includeInIndex = 0; path = swiftSkillsUITests.xctest; sourceTree = BUILT_PRODUCTS_DIR; };
		22FDFE36211A0A4A00408E2D /* swiftSkillsUITests.swift */ = {isa = PBXFileReference; lastKnownFileType = sourcecode.swift; path = swiftSkillsUITests.swift; sourceTree = "<group>"; };
		22FDFE38211A0A4A00408E2D /* Info.plist */ = {isa = PBXFileReference; lastKnownFileType = text.plist.xml; path = Info.plist; sourceTree = "<group>"; };
/* End PBXFileReference section */

/* Begin PBXFrameworksBuildPhase section */
		22FDFE0D211A0A4600408E2D /* Frameworks */ = {
			isa = PBXFrameworksBuildPhase;
			buildActionMask = 2147483647;
			files = (
			);
			runOnlyForDeploymentPostprocessing = 0;
		};
		22FDFE24211A0A4A00408E2D /* Frameworks */ = {
			isa = PBXFrameworksBuildPhase;
			buildActionMask = 2147483647;
			files = (
			);
			runOnlyForDeploymentPostprocessing = 0;
		};
		22FDFE2F211A0A4A00408E2D /* Frameworks */ = {
			isa = PBXFrameworksBuildPhase;
			buildActionMask = 2147483647;
			files = (
			);
			runOnlyForDeploymentPostprocessing = 0;
		};
/* End PBXFrameworksBuildPhase section */

/* Begin PBXGroup section */
		22FDFE07211A0A4600408E2D = {
			isa = PBXGroup;
			children = (
				22FDFE12211A0A4600408E2D /* swiftSkills */,
				22FDFE2A211A0A4A00408E2D /* swiftSkillsTests */,
				22FDFE35211A0A4A00408E2D /* swiftSkillsUITests */,
				22FDFE11211A0A4600408E2D /* Products */,
			);
			sourceTree = "<group>";
		};
		22FDFE11211A0A4600408E2D /* Products */ = {
			isa = PBXGroup;
			children = (
				22FDFE10211A0A4600408E2D /* swiftSkills.app */,
				22FDFE27211A0A4A00408E2D /* swiftSkillsTests.xctest */,
				22FDFE32211A0A4A00408E2D /* swiftSkillsUITests.xctest */,
			);
			name = Products;
			sourceTree = "<group>";
		};
		22FDFE12211A0A4600408E2D /* swiftSkills */ = {
			isa = PBXGroup;
			children = (
				22FDFE13211A0A4600408E2D /* AppDelegate.swift */,
				22FDFE15211A0A4600408E2D /* ViewController.swift */,
				22FDFE17211A0A4600408E2D /* Main.storyboard */,
				22FDFE1D211A0A4A00408E2D /* Assets.xcassets */,
				22FDFE1F211A0A4A00408E2D /* LaunchScreen.storyboard */,
				22FDFE22211A0A4A00408E2D /* Info.plist */,
				22FDFE1A211A0A4600408E2D /* swiftSkills.xcdatamodeld */,
			);
			path = swiftSkills;
			sourceTree = "<group>";
		};
		22FDFE2A211A0A4A00408E2D /* swiftSkillsTests */ = {
			isa = PBXGroup;
			children = (
				22FDFE2B211A0A4A00408E2D /* swiftSkillsTests.swift */,
				22FDFE2D211A0A4A00408E2D /* Info.plist */,
			);
			path = swiftSkillsTests;
			sourceTree = "<group>";
		};
		22FDFE35211A0A4A00408E2D /* swiftSkillsUITests */ = {
			isa = PBXGroup;
			children = (
				22FDFE36211A0A4A00408E2D /* swiftSkillsUITests.swift */,
				22FDFE38211A0A4A00408E2D /* Info.plist */,
			);
			path = swiftSkillsUITests;
			sourceTree = "<group>";
		};
/* End PBXGroup section */

/* Begin PBXNativeTarget section */
		22FDFE0F211A0A4600408E2D /* swiftSkills */ = {
			isa = PBXNativeTarget;
			buildConfigurationList = 22FDFE3B211A0A4A00408E2D /* Build configuration list for PBXNativeTarget "swiftSkills" */;
			buildPhases = (
				22FDFE0C211A0A4600408E2D /* Sources */,
				22FDFE0D211A0A4600408E2D /* Frameworks */,
				22FDFE0E211A0A4600408E2D /* Resources */,
			);
			buildRules = (
			);
			dependencies = (
			);
			name = swiftSkills;
			productName = swiftSkills;
			productReference = 22FDFE10211A0A4600408E2D /* swiftSkills.app */;
			productType = "com.apple.product-type.application";
		};
		22FDFE26211A0A4A00408E2D /* swiftSkillsTests */ = {
			isa = PBXNativeTarget;
			buildConfigurationList = 22FDFE3E211A0A4A00408E2D /* Build configuration list for PBXNativeTarget "swiftSkillsTests" */;
			buildPhases = (
				22FDFE23211A0A4A00408E2D /* Sources */,
				22FDFE24211A0A4A00408E2D /* Frameworks */,
				22FDFE25211A0A4A00408E2D /* Resources */,
			);
			buildRules = (
			);
			dependencies = (
				22FDFE29211A0A4A00408E2D /* PBXTargetDependency */,
			);
			name = swiftSkillsTests;
			productName = swiftSkillsTests;
			productReference = 22FDFE27211A0A4A00408E2D /* swiftSkillsTests.xctest */;
			productType = "com.apple.product-type.bundle.unit-test";
		};
		22FDFE31211A0A4A00408E2D /* swiftSkillsUITests */ = {
			isa = PBXNativeTarget;
			buildConfigurationList = 22FDFE41211A0A4A00408E2D /* Build configuration list for PBXNativeTarget "swiftSkillsUITests" */;
			buildPhases = (
				22FDFE2E211A0A4A00408E2D /* Sources */,
				22FDFE2F211A0A4A00408E2D /* Frameworks */,
				22FDFE30211A0A4A00408E2D /* Resources */,
			);
			buildRules = (
			);
			dependencies = (
				22FDFE34211A0A4A00408E2D /* PBXTargetDependency */,
			);
			name = swiftSkillsUITests;
			productName = swiftSkillsUITests;
			productReference = 22FDFE32211A0A4A00408E2D /* swiftSkillsUITests.xctest */;
			productType = "com.apple.product-type.bundle.ui-testing";
		};
/* End PBXNativeTarget section */

/* Begin PBXProject section */
		22FDFE08211A0A4600408E2D /* Project object */ = {
			isa = PBXProject;
			attributes = {
				LastSwiftUpdateCheck = 0940;
				LastUpgradeCheck = 0940;
				ORGANIZATIONNAME = huanglongshan;
				TargetAttributes = {
					22FDFE0F211A0A4600408E2D = {
						CreatedOnToolsVersion = 9.4.1;
					};
					22FDFE26211A0A4A00408E2D = {
						CreatedOnToolsVersion = 9.4.1;
						TestTargetID = 22FDFE0F211A0A4600408E2D;
					};
					22FDFE31211A0A4A00408E2D = {
						CreatedOnToolsVersion = 9.4.1;
						TestTargetID = 22FDFE0F211A0A4600408E2D;
					};
				};
			};
			buildConfigurationList = 22FDFE0B211A0A4600408E2D /* Build configuration list for PBXProject "swiftSkills" */;
			compatibilityVersion = "Xcode 9.3";
			developmentRegion = en;
			hasScannedForEncodings = 0;
			knownRegions = (
				en,
				Base,
			);
			mainGroup = 22FDFE07211A0A4600408E2D;
			productRefGroup = 22FDFE11211A0A4600408E2D /* Products */;
			projectDirPath = "";
			projectRoot = "";
			targets = (
				22FDFE0F211A0A4600408E2D /* swiftSkills */,
				22FDFE26211A0A4A00408E2D /* swiftSkillsTests */,
				22FDFE31211A0A4A00408E2D /* swiftSkillsUITests */,
			);
		};
/* End PBXProject section */

/* Begin PBXResourcesBuildPhase section */
		22FDFE0E211A0A4600408E2D /* Resources */ = {
			isa = PBXResourcesBuildPhase;
			buildActionMask = 2147483647;
			files = (
				22FDFE21211A0A4A00408E2D /* LaunchScreen.storyboard in Resources */,
				22FDFE1E211A0A4A00408E2D /* Assets.xcassets in Resources */,
				22FDFE19211A0A4600408E2D /* Main.storyboard in Resources */,
			);
			runOnlyForDeploymentPostprocessing = 0;
		};
		22FDFE25211A0A4A00408E2D /* Resources */ = {
			isa = PBXResourcesBuildPhase;
			buildActionMask = 2147483647;
			files = (
			);
			runOnlyForDeploymentPostprocessing = 0;
		};
		22FDFE30211A0A4A00408E2D /* Resources */ = {
			isa = PBXResourcesBuildPhase;
			buildActionMask = 2147483647;
			files = (
			);
			runOnlyForDeploymentPostprocessing = 0;
		};
/* End PBXResourcesBuildPhase section */

/* Begin PBXSourcesBuildPhase section */
		22FDFE0C211A0A4600408E2D /* Sources */ = {
			isa = PBXSourcesBuildPhase;
			buildActionMask = 2147483647;
			files = (
				22FDFE16211A0A4600408E2D /* ViewController.swift in Sources */,
				22FDFE1C211A0A4600408E2D /* swiftSkills.xcdatamodeld in Sources */,
				22FDFE14211A0A4600408E2D /* AppDelegate.swift in Sources */,
			);
			runOnlyForDeploymentPostprocessing = 0;
		};
		22FDFE23211A0A4A00408E2D /* Sources */ = {
			isa = PBXSourcesBuildPhase;
			buildActionMask = 2147483647;
			files = (
				22FDFE2C211A0A4A00408E2D /* swiftSkillsTests.swift in Sources */,
			);
			runOnlyForDeploymentPostprocessing = 0;
		};
		22FDFE2E211A0A4A00408E2D /* Sources */ = {
			isa = PBXSourcesBuildPhase;
			buildActionMask = 2147483647;
			files = (
				22FDFE37211A0A4A00408E2D /* swiftSkillsUITests.swift in Sources */,
			);
			runOnlyForDeploymentPostprocessing = 0;
		};
/* End PBXSourcesBuildPhase section */

/* Begin PBXTargetDependency section */
		22FDFE29211A0A4A00408E2D /* PBXTargetDependency */ = {
			isa = PBXTargetDependency;
			target = 22FDFE0F211A0A4600408E2D /* swiftSkills */;
			targetProxy = 22FDFE28211A0A4A00408E2D /* PBXContainerItemProxy */;
		};
		22FDFE34211A0A4A00408E2D /* PBXTargetDependency */ = {
			isa = PBXTargetDependency;
			target = 22FDFE0F211A0A4600408E2D /* swiftSkills */;
			targetProxy = 22FDFE33211A0A4A00408E2D /* PBXContainerItemProxy */;
		};
/* End PBXTargetDependency section */

/* Begin PBXVariantGroup section */
		22FDFE17211A0A4600408E2D /* Main.storyboard */ = {
			isa = PBXVariantGroup;
			children = (
				22FDFE18211A0A4600408E2D /* Base */,
			);
			name = Main.storyboard;
			sourceTree = "<group>";
		};
		22FDFE1F211A0A4A00408E2D /* LaunchScreen.storyboard */ = {
			isa = PBXVariantGroup;
			children = (
				22FDFE20211A0A4A00408E2D /* Base */,
			);
			name = LaunchScreen.storyboard;
			sourceTree = "<group>";
		};
/* End PBXVariantGroup section */

/* Begin XCBuildConfiguration section */
		22FDFE39211A0A4A00408E2D /* Debug */ = {
			isa = XCBuildConfiguration;
			buildSettings = {
				ALWAYS_SEARCH_USER_PATHS = NO;
				CLANG_ANALYZER_NONNULL = YES;
				CLANG_ANALYZER_NUMBER_OBJECT_CONVERSION = YES_AGGRESSIVE;
				CLANG_CXX_LANGUAGE_STANDARD = "gnu++14";
				CLANG_CXX_LIBRARY = "libc++";
				CLANG_ENABLE_MODULES = YES;
				CLANG_ENABLE_OBJC_ARC = YES;
				CLANG_ENABLE_OBJC_WEAK = YES;
				CLANG_WARN_BLOCK_CAPTURE_AUTORELEASING = YES;
				CLANG_WARN_BOOL_CONVERSION = YES;
				CLANG_WARN_COMMA = YES;
				CLANG_WARN_CONSTANT_CONVERSION = YES;
				CLANG_WARN_DEPRECATED_OBJC_IMPLEMENTATIONS = YES;
				CLANG_WARN_DIRECT_OBJC_ISA_USAGE = YES_ERROR;
				CLANG_WARN_DOCUMENTATION_COMMENTS = YES;
				CLANG_WARN_EMPTY_BODY = YES;
				CLANG_WARN_ENUM_CONVERSION = YES;
				CLANG_WARN_INFINITE_RECURSION = YES;
				CLANG_WARN_INT_CONVERSION = YES;
				CLANG_WARN_NON_LITERAL_NULL_CONVERSION = YES;
				CLANG_WARN_OBJC_IMPLICIT_RETAIN_SELF = YES;
				CLANG_WARN_OBJC_LITERAL_CONVERSION = YES;
				CLANG_WARN_OBJC_ROOT_CLASS = YES_ERROR;
				CLANG_WARN_RANGE_LOOP_ANALYSIS = YES;
				CLANG_WARN_STRICT_PROTOTYPES = YES;
				CLANG_WARN_SUSPICIOUS_MOVE = YES;
				CLANG_WARN_UNGUARDED_AVAILABILITY = YES_AGGRESSIVE;
				CLANG_WARN_UNREACHABLE_CODE = YES;
				CLANG_WARN__DUPLICATE_METHOD_MATCH = YES;
				CODE_SIGN_IDENTITY = "iPhone Developer";
				COPY_PHASE_STRIP = NO;
				DEBUG_INFORMATION_FORMAT = dwarf;
				ENABLE_STRICT_OBJC_MSGSEND = YES;
				ENABLE_TESTABILITY = YES;
				GCC_C_LANGUAGE_STANDARD = gnu11;
				GCC_DYNAMIC_NO_PIC = NO;
				GCC_NO_COMMON_BLOCKS = YES;
				GCC_OPTIMIZATION_LEVEL = 0;
				GCC_PREPROCESSOR_DEFINITIONS = (
					"DEBUG=1",
					"$(inherited)",
				);
				GCC_WARN_64_TO_32_BIT_CONVERSION = YES;
				GCC_WARN_ABOUT_RETURN_TYPE = YES_ERROR;
				GCC_WARN_UNDECLARED_SELECTOR = YES;
				GCC_WARN_UNINITIALIZED_AUTOS = YES_AGGRESSIVE;
				GCC_WARN_UNUSED_FUNCTION = YES;
				GCC_WARN_UNUSED_VARIABLE = YES;
				IPHONEOS_DEPLOYMENT_TARGET = 11.4;
				MTL_ENABLE_DEBUG_INFO = YES;
				ONLY_ACTIVE_ARCH = YES;
				SDKROOT = iphoneos;
				SWIFT_ACTIVE_COMPILATION_CONDITIONS = DEBUG;
				SWIFT_OPTIMIZATION_LEVEL = "-Onone";
			};
			name = Debug;
		};
		22FDFE3A211A0A4A00408E2D /* Release */ = {
			isa = XCBuildConfiguration;
			buildSettings = {
				ALWAYS_SEARCH_USER_PATHS = NO;
				CLANG_ANALYZER_NONNULL = YES;
				CLANG_ANALYZER_NUMBER_OBJECT_CONVERSION = YES_AGGRESSIVE;
				CLANG_CXX_LANGUAGE_STANDARD = "gnu++14";
				CLANG_CXX_LIBRARY = "libc++";
				CLANG_ENABLE_MODULES = YES;
				CLANG_ENABLE_OBJC_ARC = YES;
				CLANG_ENABLE_OBJC_WEAK = YES;
				CLANG_WARN_BLOCK_CAPTURE_AUTORELEASING = YES;
				CLANG_WARN_BOOL_CONVERSION = YES;
				CLANG_WARN_COMMA = YES;
				CLANG_WARN_CONSTANT_CONVERSION = YES;
				CLANG_WARN_DEPRECATED_OBJC_IMPLEMENTATIONS = YES;
				CLANG_WARN_DIRECT_OBJC_ISA_USAGE = YES_ERROR;
				CLANG_WARN_DOCUMENTATION_COMMENTS = YES;
				CLANG_WARN_EMPTY_BODY = YES;
				CLANG_WARN_ENUM_CONVERSION = YES;
				CLANG_WARN_INFINITE_RECURSION = YES;
				CLANG_WARN_INT_CONVERSION = YES;
				CLANG_WARN_NON_LITERAL_NULL_CONVERSION = YES;
				CLANG_WARN_OBJC_IMPLICIT_RETAIN_SELF = YES;
				CLANG_WARN_OBJC_LITERAL_CONVERSION = YES;
				CLANG_WARN_OBJC_ROOT_CLASS = YES_ERROR;
				CLANG_WARN_RANGE_LOOP_ANALYSIS = YES;
				CLANG_WARN_STRICT_PROTOTYPES = YES;
				CLANG_WARN_SUSPICIOUS_MOVE = YES;
				CLANG_WARN_UNGUARDED_AVAILABILITY = YES_AGGRESSIVE;
				CLANG_WARN_UNREACHABLE_CODE = YES;
				CLANG_WARN__DUPLICATE_METHOD_MATCH = YES;
				CODE_SIGN_IDENTITY = "iPhone Developer";
				COPY_PHASE_STRIP = NO;
				DEBUG_INFORMATION_FORMAT = "dwarf-with-dsym";
				ENABLE_NS_ASSERTIONS = NO;
				ENABLE_STRICT_OBJC_MSGSEND = YES;
				GCC_C_LANGUAGE_STANDARD = gnu11;
				GCC_NO_COMMON_BLOCKS = YES;
				GCC_WARN_64_TO_32_BIT_CONVERSION = YES;
				GCC_WARN_ABOUT_RETURN_TYPE = YES_ERROR;
				GCC_WARN_UNDECLARED_SELECTOR = YES;
				GCC_WARN_UNINITIALIZED_AUTOS = YES_AGGRESSIVE;
				GCC_WARN_UNUSED_FUNCTION = YES;
				GCC_WARN_UNUSED_VARIABLE = YES;
				IPHONEOS_DEPLOYMENT_TARGET = 11.4;
				MTL_ENABLE_DEBUG_INFO = NO;
				SDKROOT = iphoneos;
				SWIFT_COMPILATION_MODE = wholemodule;
				SWIFT_OPTIMIZATION_LEVEL = "-O";
				VALIDATE_PRODUCT = YES;
			};
			name = Release;
		};
		22FDFE3C211A0A4A00408E2D /* Debug */ = {
			isa = XCBuildConfiguration;
			buildSettings = {
				ASSETCATALOG_COMPILER_APPICON_NAME = AppIcon;
				CODE_SIGN_STYLE = Automatic;
				DEVELOPMENT_TEAM = 43Z98F4YUA;
				INFOPLIST_FILE = swiftSkills/Info.plist;
				LD_RUNPATH_SEARCH_PATHS = (
					"$(inherited)",
					"@executable_path/Frameworks",
				);
				PRODUCT_BUNDLE_IDENTIFIER = huanglongshan.swiftSkills;
				PRODUCT_NAME = "$(TARGET_NAME)";
				SWIFT_VERSION = 4.0;
				TARGETED_DEVICE_FAMILY = "1,2";
			};
			name = Debug;
		};
		22FDFE3D211A0A4A00408E2D /* Release */ = {
			isa = XCBuildConfiguration;
			buildSettings = {
				ASSETCATALOG_COMPILER_APPICON_NAME = AppIcon;
				CODE_SIGN_STYLE = Automatic;
				DEVELOPMENT_TEAM = 43Z98F4YUA;
				INFOPLIST_FILE = swiftSkills/Info.plist;
				LD_RUNPATH_SEARCH_PATHS = (
					"$(inherited)",
					"@executable_path/Frameworks",
				);
				PRODUCT_BUNDLE_IDENTIFIER = huanglongshan.swiftSkills;
				PRODUCT_NAME = "$(TARGET_NAME)";
				SWIFT_VERSION = 4.0;
				TARGETED_DEVICE_FAMILY = "1,2";
			};
			name = Release;
		};
		22FDFE3F211A0A4A00408E2D /* Debug */ = {
			isa = XCBuildConfiguration;
			buildSettings = {
				ALWAYS_EMBED_SWIFT_STANDARD_LIBRARIES = YES;
				BUNDLE_LOADER = "$(TEST_HOST)";
				CODE_SIGN_STYLE = Automatic;
				DEVELOPMENT_TEAM = 43Z98F4YUA;
				INFOPLIST_FILE = swiftSkillsTests/Info.plist;
				LD_RUNPATH_SEARCH_PATHS = (
					"$(inherited)",
					"@executable_path/Frameworks",
					"@loader_path/Frameworks",
				);
				PRODUCT_BUNDLE_IDENTIFIER = huanglongshan.swiftSkillsTests;
				PRODUCT_NAME = "$(TARGET_NAME)";
				SWIFT_VERSION = 4.0;
				TARGETED_DEVICE_FAMILY = "1,2";
				TEST_HOST = "$(BUILT_PRODUCTS_DIR)/swiftSkills.app/swiftSkills";
			};
			name = Debug;
		};
		22FDFE40211A0A4A00408E2D /* Release */ = {
			isa = XCBuildConfiguration;
			buildSettings = {
				ALWAYS_EMBED_SWIFT_STANDARD_LIBRARIES = YES;
				BUNDLE_LOADER = "$(TEST_HOST)";
				CODE_SIGN_STYLE = Automatic;
				DEVELOPMENT_TEAM = 43Z98F4YUA;
				INFOPLIST_FILE = swiftSkillsTests/Info.plist;
				LD_RUNPATH_SEARCH_PATHS = (
					"$(inherited)",
					"@executable_path/Frameworks",
					"@loader_path/Frameworks",
				);
				PRODUCT_BUNDLE_IDENTIFIER = huanglongshan.swiftSkillsTests;
				PRODUCT_NAME = "$(TARGET_NAME)";
				SWIFT_VERSION = 4.0;
				TARGETED_DEVICE_FAMILY = "1,2";
				TEST_HOST = "$(BUILT_PRODUCTS_DIR)/swiftSkills.app/swiftSkills";
			};
			name = Release;
		};
		22FDFE42211A0A4A00408E2D /* Debug */ = {
			isa = XCBuildConfiguration;
			buildSettings = {
				ALWAYS_EMBED_SWIFT_STANDARD_LIBRARIES = YES;
				CODE_SIGN_STYLE = Automatic;
				DEVELOPMENT_TEAM = 43Z98F4YUA;
				INFOPLIST_FILE = swiftSkillsUITests/Info.plist;
				LD_RUNPATH_SEARCH_PATHS = (
					"$(inherited)",
					"@executable_path/Frameworks",
					"@loader_path/Frameworks",
				);
				PRODUCT_BUNDLE_IDENTIFIER = huanglongshan.swiftSkillsUITests;
				PRODUCT_NAME = "$(TARGET_NAME)";
				SWIFT_VERSION = 4.0;
				TARGETED_DEVICE_FAMILY = "1,2";
				TEST_TARGET_NAME = swiftSkills;
			};
			name = Debug;
		};
		22FDFE43211A0A4A00408E2D /* Release */ = {
			isa = XCBuildConfiguration;
			buildSettings = {
				ALWAYS_EMBED_SWIFT_STANDARD_LIBRARIES = YES;
				CODE_SIGN_STYLE = Automatic;
				DEVELOPMENT_TEAM = 43Z98F4YUA;
				INFOPLIST_FILE = swiftSkillsUITests/Info.plist;
				LD_RUNPATH_SEARCH_PATHS = (
					"$(inherited)",
					"@executable_path/Frameworks",
					"@loader_path/Frameworks",
				);
				PRODUCT_BUNDLE_IDENTIFIER = huanglongshan.swiftSkillsUITests;
				PRODUCT_NAME = "$(TARGET_NAME)";
				SWIFT_VERSION = 4.0;
				TARGETED_DEVICE_FAMILY = "1,2";
				TEST_TARGET_NAME = swiftSkills;
			};
			name = Release;
		};
/* End XCBuildConfiguration section */

/* Begin XCConfigurationList section */
		22FDFE0B211A0A4600408E2D /* Build configuration list for PBXProject "swiftSkills" */ = {
			isa = XCConfigurationList;
			buildConfigurations = (
				22FDFE39211A0A4A00408E2D /* Debug */,
				22FDFE3A211A0A4A00408E2D /* Release */,
			);
			defaultConfigurationIsVisible = 0;
			defaultConfigurationName = Release;
		};
		22FDFE3B211A0A4A00408E2D /* Build configuration list for PBXNativeTarget "swiftSkills" */ = {
			isa = XCConfigurationList;
			buildConfigurations = (
				22FDFE3C211A0A4A00408E2D /* Debug */,
				22FDFE3D211A0A4A00408E2D /* Release */,
			);
			defaultConfigurationIsVisible = 0;
			defaultConfigurationName = Release;
		};
		22FDFE3E211A0A4A00408E2D /* Build configuration list for PBXNativeTarget "swiftSkillsTests" */ = {
			isa = XCConfigurationList;
			buildConfigurations = (
				22FDFE3F211A0A4A00408E2D /* Debug */,
				22FDFE40211A0A4A00408E2D /* Release */,
			);
			defaultConfigurationIsVisible = 0;
			defaultConfigurationName = Release;
		};
		22FDFE41211A0A4A00408E2D /* Build configuration list for PBXNativeTarget "swiftSkillsUITests" */ = {
			isa = XCConfigurationList;
			buildConfigurations = (
				22FDFE42211A0A4A00408E2D /* Debug */,
				22FDFE43211A0A4A00408E2D /* Release */,
			);
			defaultConfigurationIsVisible = 0;
			defaultConfigurationName = Release;
		};
/* End XCConfigurationList section */

/* Begin XCVersionGroup section */
		22FDFE1A211A0A4600408E2D /* swiftSkills.xcdatamodeld */ = {
			isa = XCVersionGroup;
			children = (
				22FDFE1B211A0A4600408E2D /* swiftSkills.xcdatamodel */,
			);
			currentVersion = 22FDFE1B211A0A4600408E2D /* swiftSkills.xcdatamodel */;
			path = swiftSkills.xcdatamodeld;
			sourceTree = "<group>";
			versionGroupType = wrapper.xcdatamodel;
		};
/* End XCVersionGroup section */
	};
	rootObject = 22FDFE08211A0A4600408E2D /* Project object */;
}
